
Microsoft Visual Studio Solution File, Format Version 12.00
# Visual Studio Version 16
VisualStudioVersion = 16.0.31205.134
MinimumVisualStudioVersion = 10.0.40219.1
Project("{9A19103F-16F7-4668-BE54-9A1E7A4F7556}") = "MusicApplication", "..\MusicApplication\MusicApplication.csproj", "{48D51D56-6879-4A3B-AD8A-4A4C5077089D}"
EndProject
Project("{9A19103F-16F7-4668-BE54-9A1E7A4F7556}") = "MusicApplicationAPI", "..\MusicApplicationAPI\MusicApplicationAPI.csproj", "{2095F1B0-25AC-4FB7-A2AE-AF1135FA1100}"
EndProject
Project("{9A19103F-16F7-4668-BE54-9A1E7A4F7556}") = "MusicApplicationWebLibrary", "..\MusicApplicationWebLibrary\MusicApplicationWebLibrary.csproj", "{CBA43A14-267C-49F0-B59F-9A07ED3DBE0D}"
EndProject
Global
	GlobalSection(SolutionConfigurationPlatforms) = preSolution
		Debug|Any CPU = Debug|Any CPU
		Release|Any CPU = Release|Any CPU
	EndGlobalSection
	GlobalSection(ProjectConfigurationPlatforms) = postSolution
		{48D51D56-6879-4A3B-AD8A-4A4C5077089D}.Debug|Any CPU.ActiveCfg = Debug|Any CPU
		{48D51D56-6879-4A3B-AD8A-4A4C5077089D}.Debug|Any CPU.Build.0 = Debug|Any CPU
		{48D51D56-6879-4A3B-AD8A-4A4C5077089D}.Release|Any CPU.ActiveCfg = Release|Any CPU
		{48D51D56-6879-4A3B-AD8A-4A4C5077089D}.Release|Any CPU.Build.0 = Release|Any CPU
		{2095F1B0-25AC-4FB7-A2AE-AF1135FA1100}.Debug|Any CPU.ActiveCfg = Debug|Any CPU
		{2095F1B0-25AC-4FB7-A2AE-AF1135FA1100}.Debug|Any CPU.Build.0 = Debug|Any CPU
		{2095F1B0-25AC-4FB7-A2AE-AF1135FA1100}.Release|Any CPU.ActiveCfg = Release|Any CPU
		{2095F1B0-25AC-4FB7-A2AE-AF1135FA1100}.Release|Any CPU.Build.0 = Release|Any CPU
		{CBA43A14-267C-49F0-B59F-9A07ED3DBE0D}.Debug|Any CPU.ActiveCfg = Debug|Any CPU
		{CBA43A14-267C-49F0-B59F-9A07ED3DBE0D}.Debug|Any CPU.Build.0 = Debug|Any CPU
		{CBA43A14-267C-49F0-B59F-9A07ED3DBE0D}.Release|Any CPU.ActiveCfg = Release|Any CPU
		{CBA43A14-267C-49F0-B59F-9A07ED3DBE0D}.Release|Any CPU.Build.0 = Release|Any CPU
	EndGlobalSection
	GlobalSection(SolutionProperties) = preSolution
		HideSolutionNode = FALSE
	EndGlobalSection
	GlobalSection(ExtensibilityGlobals) = postSolution
		SolutionGuid = {57842C29-147A-4343-9C5B-B0EFD9203156}
	EndGlobalSection
EndGlobal
