
Microsoft Visual Studio Solution File, Format Version 12.00
# Visual Studio Version 16
VisualStudioVersion = 16.0.31205.134
MinimumVisualStudioVersion = 10.0.40219.1
Project("{9A19103F-16F7-4668-BE54-9A1E7A4F7556}") = "MusicApplication", "..\MusicApplication\MusicApplication.csproj", "{BE18D38E-4EB4-4383-99EA-9D084840BD35}"
EndProject
Project("{9A19103F-16F7-4668-BE54-9A1E7A4F7556}") = "MusicApplicationAPI", "..\MusicApplicationAPI\MusicApplicationAPI.csproj", "{B7622517-ADD2-401E-A017-233EE7E3D17B}"
EndProject
Project("{9A19103F-16F7-4668-BE54-9A1E7A4F7556}") = "MusicApplicationWebLibrary", "..\MusicApplicationWebLibrary\MusicApplicationWebLibrary.csproj", "{25BB30B3-0F24-470A-9E20-85BF946A4B02}"
EndProject
Global
	GlobalSection(SolutionConfigurationPlatforms) = preSolution
		Debug|Any CPU = Debug|Any CPU
		Release|Any CPU = Release|Any CPU
	EndGlobalSection
	GlobalSection(ProjectConfigurationPlatforms) = postSolution
		{BE18D38E-4EB4-4383-99EA-9D084840BD35}.Debug|Any CPU.ActiveCfg = Debug|Any CPU
		{BE18D38E-4EB4-4383-99EA-9D084840BD35}.Debug|Any CPU.Build.0 = Debug|Any CPU
		{BE18D38E-4EB4-4383-99EA-9D084840BD35}.Release|Any CPU.ActiveCfg = Release|Any CPU
		{BE18D38E-4EB4-4383-99EA-9D084840BD35}.Release|Any CPU.Build.0 = Release|Any CPU
		{B7622517-ADD2-401E-A017-233EE7E3D17B}.Debug|Any CPU.ActiveCfg = Debug|Any CPU
		{B7622517-ADD2-401E-A017-233EE7E3D17B}.Debug|Any CPU.Build.0 = Debug|Any CPU
		{B7622517-ADD2-401E-A017-233EE7E3D17B}.Release|Any CPU.ActiveCfg = Release|Any CPU
		{B7622517-ADD2-401E-A017-233EE7E3D17B}.Release|Any CPU.Build.0 = Release|Any CPU
		{25BB30B3-0F24-470A-9E20-85BF946A4B02}.Debug|Any CPU.ActiveCfg = Debug|Any CPU
		{25BB30B3-0F24-470A-9E20-85BF946A4B02}.Debug|Any CPU.Build.0 = Debug|Any CPU
		{25BB30B3-0F24-470A-9E20-85BF946A4B02}.Release|Any CPU.ActiveCfg = Release|Any CPU
		{25BB30B3-0F24-470A-9E20-85BF946A4B02}.Release|Any CPU.Build.0 = Release|Any CPU
	EndGlobalSection
	GlobalSection(SolutionProperties) = preSolution
		HideSolutionNode = FALSE
	EndGlobalSection
	GlobalSection(ExtensibilityGlobals) = postSolution
		SolutionGuid = {C7DB71B3-D643-4773-B7BD-4AAA937EC7B8}
	EndGlobalSection
EndGlobal
