
Microsoft Visual Studio Solution File, Format Version 12.00
# Visual Studio Version 16
VisualStudioVersion = 16.0.31205.134
MinimumVisualStudioVersion = 10.0.40219.1
Project("{9A19103F-16F7-4668-BE54-9A1E7A4F7556}") = "MusicApplication", "MusicApplication\MusicApplication.csproj", "{5904C0AC-B48F-4B97-9185-68E1D8F0FC28}"
EndProject
Project("{9A19103F-16F7-4668-BE54-9A1E7A4F7556}") = "MusicApplicationWebLibrary", "..\MussicApplicationWebLibrary\MusicApplicationWebLibrary.csproj", "{01A4654D-CA96-4BC7-917D-627F08926BC8}"
EndProject
Project("{9A19103F-16F7-4668-BE54-9A1E7A4F7556}") = "MusicApplicationAPI", "..\MusicApplicationAPI\MusicApplicationAPI.csproj", "{14FFC290-6179-45C4-9834-1EDC4A93556C}"
EndProject
Global
	GlobalSection(SolutionConfigurationPlatforms) = preSolution
		Debug|Any CPU = Debug|Any CPU
		Release|Any CPU = Release|Any CPU
	EndGlobalSection
	GlobalSection(ProjectConfigurationPlatforms) = postSolution
		{5904C0AC-B48F-4B97-9185-68E1D8F0FC28}.Debug|Any CPU.ActiveCfg = Debug|Any CPU
		{5904C0AC-B48F-4B97-9185-68E1D8F0FC28}.Debug|Any CPU.Build.0 = Debug|Any CPU
		{5904C0AC-B48F-4B97-9185-68E1D8F0FC28}.Release|Any CPU.ActiveCfg = Release|Any CPU
		{5904C0AC-B48F-4B97-9185-68E1D8F0FC28}.Release|Any CPU.Build.0 = Release|Any CPU
		{01A4654D-CA96-4BC7-917D-627F08926BC8}.Debug|Any CPU.ActiveCfg = Debug|Any CPU
		{01A4654D-CA96-4BC7-917D-627F08926BC8}.Debug|Any CPU.Build.0 = Debug|Any CPU
		{01A4654D-CA96-4BC7-917D-627F08926BC8}.Release|Any CPU.ActiveCfg = Release|Any CPU
		{01A4654D-CA96-4BC7-917D-627F08926BC8}.Release|Any CPU.Build.0 = Release|Any CPU
		{14FFC290-6179-45C4-9834-1EDC4A93556C}.Debug|Any CPU.ActiveCfg = Debug|Any CPU
		{14FFC290-6179-45C4-9834-1EDC4A93556C}.Debug|Any CPU.Build.0 = Debug|Any CPU
		{14FFC290-6179-45C4-9834-1EDC4A93556C}.Release|Any CPU.ActiveCfg = Release|Any CPU
		{14FFC290-6179-45C4-9834-1EDC4A93556C}.Release|Any CPU.Build.0 = Release|Any CPU
	EndGlobalSection
	GlobalSection(SolutionProperties) = preSolution
		HideSolutionNode = FALSE
	EndGlobalSection
	GlobalSection(ExtensibilityGlobals) = postSolution
		SolutionGuid = {21C04BA3-6012-47D3-A222-A663E4F4001A}
	EndGlobalSection
EndGlobal
